
Microsoft Visual Studio Solution File, Format Version 12.00
# Visual Studio 15
VisualStudioVersion = 15.0.27130.2027
MinimumVisualStudioVersion = 10.0.40219.1
Project("{FAE04EC0-301F-11D3-BF4B-00C04F79EFBC}") = "GaemzMastah", "GaemzMastah\GaemzMastah.csproj", "{11D42C34-5550-4C11-868C-7040D25BE7F7}"
EndProject
Global
	GlobalSection(SolutionConfigurationPlatforms) = preSolution
		Debug|Any CPU = Debug|Any CPU
		Release|Any CPU = Release|Any CPU
	EndGlobalSection
	GlobalSection(ProjectConfigurationPlatforms) = postSolution
		{11D42C34-5550-4C11-868C-7040D25BE7F7}.Debug|Any CPU.ActiveCfg = Debug|Any CPU
		{11D42C34-5550-4C11-868C-7040D25BE7F7}.Debug|Any CPU.Build.0 = Debug|Any CPU
		{11D42C34-5550-4C11-868C-7040D25BE7F7}.Release|Any CPU.ActiveCfg = Release|Any CPU
		{11D42C34-5550-4C11-868C-7040D25BE7F7}.Release|Any CPU.Build.0 = Release|Any CPU
	EndGlobalSection
	GlobalSection(SolutionProperties) = preSolution
		HideSolutionNode = FALSE
	EndGlobalSection
	GlobalSection(ExtensibilityGlobals) = postSolution
		SolutionGuid = {16D90887-F293-47F5-A1C2-6724B1C3922D}
	EndGlobalSection
EndGlobal
